{
  "name": "msa-dashboard",
  "version": "0.1.0",
  "lockfileVersion": 3,
  "requires": true,
  "packages": {
    "": {
      "name": "msa-dashboard",
      "version": "0.1.0",
      "dependencies": {
        "@supabase/supabase-js": "^2.112.1",
        "@vercel/analytics": "^2.0.1",
        "lucide-react": "^1.29.0",
        "next": "16.3.0",
        "react": "19.2.8",
        "react-dom": "19.2.8",
        "recharts": "^3.10.1"
      },
      "devDependencies": {
        "@tailwindcss/postcss": "^4",
        "@types/node": "^20",
        "@types/react": "^19",
        "@types/react-dom": "^19",
        "eslint": "^9",
        "eslint-config-next": "16.3.0",
        "tailwindcss": "^4",
        "typescript": "^5"
      }
    },
    "node_modules/@alloc/quick-lru": {
      "version": "5.2.0",
      "resolved": "https://registry.npmjs.org/@alloc/quick-lru/-/quick-lru-5.2.0.tgz",
      "integrity": "sha512-UrcABB+4bUrFABwbluTIBErXwvbsU/V7TZWfmbgJfbkwiBuziS9gxdODUyuiecfdGQ85jglMW6juS3+z5TsKLw==",
      "dev": true,
      "license": "MIT",
      "engines": {
        "node": ">=10"
      },
      "funding": {
        "url": "https://github.com/sponsors/sindresorhus"
      }
    },
    "node_modules/@babel/code-frame": {
      "version": "7.29.7",
      "resolved": "https://registry.npmjs.org/@babel/code-frame/-/code-frame-7.29.7.tgz",
      "integrity": "sha512-Aup7aUOfpbAUg2ROOJN6Iw5f9DMBlzu0mIkm/malLQFN/YQgO48wCj0Kxa3sEHJvPVFg7siR+qRInwXd2qhQKw==",
      "dev": true,
      "license": "MIT",
      "dependencies": {
        "@babel/helper-validator-identifier": "^7.29.7",
        "js-tokens": "^4.0.0",
        "picocolors": "^1.1.1"
      },
      "engines": {
        "node": ">=6.9.0"
      }
    },
    "node_modules/@babel/compat-data": {
      "version": "7.29.7",
      "resolved": "https://registry.npmjs.org/@babel/compat-data/-/compat-data-7.29.7.tgz",
      "integrity": "sha512-locTkQyKvwIEgBzVrn8693ebc97F2U8ZHjbXwDXJ5Fn2TCpNwTlKcaKLkdHop5c/icOFE7qt7Q9JC5hnKNa6Gg==",
      "dev": true,
      "license": "MIT",
      "engines": {
        "node": ">=6.9.0"
      }
    },
    "node_modules/@babel/core": {
      "version": "7.29.7",
      "resolved": "https://registry.npmjs.org/@babel/core/-/core-7.29.7.tgz",
      "integrity": "sha512-RgHBCvtjbOK2gXSNBNIkNoEc9qoVEtau3hj8gEqKQuL3HZAibKarWFEI3Lfm6EYKkLalOh8eSrj9b+ch9H/VBA==",
      "dev": true,
      "license": "MIT",
      "dependencies": {
        "@babel/code-frame": "^7.29.7",
        "@babel/generator": "^7.29.7",
        "@babel/helper-compilation-targets": "^7.29.7",
        "@babel/helper-module-transforms": "^7.29.7",
        "@babel/helpers": "^7.29.7",
        "@babel/parser": "^7.29.7",
        "@babel/template": "^7.29.7",
        "@babel/traverse": "^7.29.7",
        "@babel/types": "^7.29.7",
        "@jridgewell/remapping": "^2.3.5",
        "convert-source-map": "^2.0.0",
        "debug": "^4.1.0",
        "gensync": "^1.0.0-beta.2",
        "json5": "^2.2.3",
        "semver": "^6.3.1"
      },
      "engines": {
        "node": ">=6.9.0"
      },
      "funding": {
        "type": "opencollective",
        "url": "https://opencollective.com/babel"
      }
    },
    "node_modules/@babel/generator": {
      "version": "7.29.8",
      "resolved": "https://registry.npmjs.org/@babel/generator/-/generator-7.29.8.tgz",
      "integrity": "sha512-gZbepsdh3WDtgZKWL+vTPh71LSBrm/Y4/QDZBVCcYfmeTEEuoOYwlSy+G1StfJg+/Zy550u/3TATbm7qDbbMtg==",
      "dev": true,
      "license": "MIT",
      "dependencies": {
        "@babel/parser": "^7.29.8",
        "@babel/types": "^7.29.8",
        "@jridgewell/gen-mapping": "^0.3.12",
        "@jridgewell/trace-mapping": "^0.3.28",
        "jsesc": "^3.0.2"
      },
      "engines": {
        "node": ">=6.9.0"
      }
    },
    "node_modules/@babel/helper-compilation-targets": {
      "version": "7.29.7",
      "resolved": "https://registry.npmjs.org/@babel/helper-compilation-targets/-/helper-compilation-targets-7.29.7.tgz",
      "integrity": "sha512-wem6WaBj4NaVYVdNhLPPVacES6ZJ+KBBfSkTMD3YZxbP3rm3Di85tJU5ljaUNhaOynt+Aj0xruhYuzQBt8n71g==",
      "dev": true,
      "license": "MIT",
      "dependencies": {
        "@babel/compat-data": "^7.29.7",
        "@babel/helper-validator-option": "^7.29.7",
        "browserslist": "^4.24.0",
        "lru-cache": "^5.1.1",
        "semver": "^6.3.1"
      },
      "engines": {
        "node": ">=6.9.0"
      }
    },
    "node_modules/@babel/helper-globals": {
      "version": "7.29.7",
      "resolved": "https://registry.npmjs.org/@babel/helper-globals/-/helper-globals-7.29.7.tgz",
      "integrity": "sha512-3nQVUAtvkKH9zahfWgw96Jc/uFOmjACE1kQz82E2lqWmHBgjzbNlsC22nuQTfahmWeQtTq5nQ/4Nnd2A1wj4zA==",
      "dev": true,
      "license": "MIT",
      "engines": {
        "node": ">=6.9.0"
      }
    },
    "node_modules/@babel/helper-module-imports": {
      "version": "7.29.7",
      "resolved": "https://registry.npmjs.org/@babel/helper-module-imports/-/helper-module-imports-7.29.7.tgz",
      "integrity": "sha512-ejHwrQQYcm9xnTivShn2IDOlIzInN34AXskvq9QicvCtEzq1Vzclu/tKF8Jq1Cg8JG2GL6/EmjgsCT7lXepE3g==",
      "dev": true,
      "license": "MIT",
      "dependencies": {
        "@babel/traverse": "^7.29.7",
        "@babel/types": "^7.29.7"
      },
      "engines": {
        "node": ">=6.9.0"
      }
    },
    "node_modules/@babel/helper-module-transforms": {
      "version": "7.29.7",
      "resolved": "https://registry.npmjs.org/@babel/helper-module-transforms/-/helper-module-transforms-7.29.7.tgz",
      "integrity": "sha512-UPUVSyXbOh627KiCIGQSgwWzGeBKLkaJ9PJEdrngIwMSzxLR4jS4+f1f1jb7VzBbg8nFLaYotvVPFCTqdrmTAg==",
      "dev": true,
      "license": "MIT",
      "dependencies": {
        "@babel/helper-module-imports": "^7.29.7",
        "@babel/helper-validator-identifier": "^7.29.7",
        "@babel/traverse": "^7.29.7"
      },
      "engines": {
        "node": ">=6.9.0"
      },
      "peerDependencies": {
        "@babel/core": "^7.0.0"
      }
    },
    "node_modules/@babel/helper-string-parser": {
      "version": "7.29.7",
      "resolved": "https://registry.npmjs.org/@babel/helper-string-parser/-/helper-string-parser-7.29.7.tgz",
      "integrity": "sha512-Pb5ijPrZ89GDH8223L4UP8i6QApWxs04RbPQJTeWDV0/keR2E36MeKnyr6LYmUUvqRRI+Iv87SuF1W6ErINzYw==",
      "dev": true,
      "license": "MIT",
      "engines": {
        "node": ">=6.9.0"
      }
    },
    "node_modules/@babel/helper-validator-identifier": {
      "version": "7.29.7",
      "resolved": "https://registry.npmjs.org/@babel/helper-validator-identifier/-/helper-validator-identifier-7.29.7.tgz",
      "integrity": "sha512-qehxGkRj55h/ff8EMaJ+cYhyaKlHIxqYDn682wQD7RNp9UujOQsHog2uS0r2vzr4pW+sXf90NeeayjcNaX3fFg==",
      "dev": true,
      "license": "MIT",
      "engines": {
        "node": ">=6.9.0"
      }
    },
    "node_modules/@babel/helper-validator-option": {
      "version": "7.29.7",
      "resolved": "https://registry.npmjs.org/@babel/helper-validator-option/-/helper-validator-option-7.29.7.tgz",
      "integrity": "sha512-N9ZErrD+yW5geCDtBqnOoxmR8+tNKiGuxKlDpuJxfsqpa2dFcexaziGAE/qoHLiDDreVNMupxGmSoNlyvsA3gw==",
      "dev": true,
      "license": "MIT",
      "engines": {
        "node": ">=6.9.0"
      }
    },
    "node_modules/@babel/helpers": {
      "version": "7.29.7",
      "resolved": "https://registry.npmjs.org/@babel/helpers/-/helpers-7.29.7.tgz",
      "integrity": "sha512-1k2lAGRMfHTcwuNYcCNUmaUffmQv8KWMfh2iJUUeRlwlwH4FdNG7mfPI10NPfLHJFThE4Tyr4mv7kTNZOiPuBg==",
      "dev": true,
      "license": "MIT",
      "dependencies": {
        "@babel/template": "^7.29.7",
        "@babel/types": "^7.29.7"
      },
      "engines": {
        "node": ">=6.9.0"
      }
    },
    "node_modules/@babel/parser": {
      "version": "7.29.8",
      "resolved": "https://registry.npmjs.org/@babel/parser/-/parser-7.29.8.tgz",
      "integrity": "sha512-E8lTAYNB1KW+FH+VGJuZM1ioAx2E6oVlvQFRrf5P8ZZmsiJXYAD9vTFV7yyEURNzgh1dFqMZuO6tUwcARbqFCA==",
      "dev": true,
      "license": "MIT",
      "dependencies": {
        "@babel/types": "^7.29.8"
      },
      "bin": {
        "parser": "bin/babel-parser.js"
      },
      "engines": {
        "node": ">=6.0.0"
      }
    },
    "node_modules/@babel/template": {
      "version": "7.29.7",
      "resolved": "https://registry.npmjs.org/@babel/template/-/template-7.29.7.tgz",
      "integrity": "sha512-puq+Gf35oI24FeN11LkoUQFqv9uwNeWpxXZi/Ji3rRIoKAzKnxRaZ+Gkj0vKS9ZCiTESfng1N9LyOyXvo+m+Gg==",
      "dev": true,
      "license": "MIT",
      "dependencies": {
        "@babel/code-frame": "^7.29.7",
        "@babel/parser": "^7.29.7",
        "@babel/types": "^7.29.7"
      },
      "engines": {
        "node": ">=6.9.0"
      }
    },
    "node_modules/@babel/traverse": {
      "version": "7.29.8",
      "resolved": "https://registry.npmjs.org/@babel/traverse/-/traverse-7.29.8.tgz",
      "integrity": "sha512-I5z7H3bf/41ktsNVLtpN0wAa336HkqIHQ5BuPLEhTkt1jVSyZpeNKIzTgEWmlxjdg81R0IgUCcaE+Ok3NvrfZg==",
      "dev": true,
      "license": "MIT",
      "dependencies": {
        "@babel/code-frame": "^7.29.7",
        "@babel/generator": "^7.29.8",
        "@babel/helper-globals": "^7.29.7",
        "@babel/parser": "^7.29.8",
        "@babel/template": "^7.29.7",
        "@babel/types": "^7.29.8",
        "debug": "^4.3.1"
      },
      "engines": {
        "node": ">=6.9.0"
      }
    },
    "node_modules/@babel/types": {
      "version": "7.29.8",
      "resolved": "https://registry.npmjs.org/@babel/types/-/types-7.29.8.tgz",
      "integrity": "sha512-Vj1jF3cPfxg7OAfoI7QnVKLoILlm2JF9pnVHrX8qx7AHMiYWT+NDAA7jChlNgRS4WTLc/fD1lXLmPixluj+3Gg==",
      "dev": true,
      "license": "MIT",
      "dependencies": {
        "@babel/helper-string-parser": "^7.29.7",
        "@babel/helper-validator-identifier": "^7.29.7"
      },
      "engines": {
        "node": ">=6.9.0"
      }
    },
    "node_modules/@emnapi/core": {
      "version": "1.10.0",
      "resolved": "https://registry.npmjs.org/@emnapi/core/-/core-1.10.0.tgz",
      "integrity": "sha512-yq6OkJ4p82CAfPl0u9mQebQHKPJkY7WrIuk205cTYnYe+k2Z8YBh11FrbRG/H6ihirqcacOgl2BIO8oyMQLeXw==",
      "dev": true,
      "license": "MIT",
      "optional": true,
      "dependencies": {
        "@emnapi/wasi-threads": "1.2.1",
        "tslib": "^2.4.0"
      }
    },
    "node_modules/@emnapi/runtime": {
      "version": "1.11.3",
      "resolved": "https://registry.npmjs.org/@emnapi/runtime/-/runtime-1.11.3.tgz",
      "integrity": "sha512-Xz4Tpyki7XyrpbUK1jR1AhdAdaXyhhY4lZ3neLodmhpuWfy2PAQN5B46sAiU4liOXGLkHypn/qU+jvfWSCYYLA==",
      "license": "MIT",
      "optional": true,
      "dependencies": {
        "tslib": "^2.4.0"
      }
    },
    "node_modules/@emnapi/wasi-threads": {
      "version": "1.2.1",
      "resolved": "https://registry.npmjs.org/@emnapi/wasi-threads/-/wasi-threads-1.2.1.tgz",
      "integrity": "sha512-uTII7OYF+/Mes/MrcIOYp5yOtSMLBWSIoLPpcgwipoiKbli6k322tcoFsxoIIxPDqW01SQGAgko4EzZi2BNv2w==",
      "dev": true,
      "license": "MIT",
      "optional": true,
      "dependencies": {
        "tslib": "^2.4.0"
      }
    },
    "node_modules/@eslint-community/eslint-utils": {
      "version": "4.10.1",
      "resolved": "https://registry.npmjs.org/@eslint-community/eslint-utils/-/eslint-utils-4.10.1.tgz",
      "integrity": "sha512-cuadcxVFE8sDK6iWJbs8Sn0av2Nrh2QSGQhVlBW9AaAHqHwjWsZHT8LJ4hFGPh7ASBV2deFdM7H/DPjulmh8rg==",
      "dev": true,
      "license": "MIT",
      "dependencies": {
        "eslint-visitor-keys": "^3.4.3"
      },
      "engines": {
        "node": "^12.22.0 || ^14.17.0 || >=16.0.0"
      },
      "funding": {
        "url": "https://opencollective.com/eslint"
      },
      "peerDependencies": {
        "eslint": "^6.0.0 || ^7.0.0 || >=8.0.0"
      }
    },
    "node_modules/@eslint-community/eslint-utils/node_modules/eslint-visitor-keys": {
      "version": "3.4.3",
      "resolved": "https://registry.npmjs.org/eslint-visitor-keys/-/eslint-visitor-keys-3.4.3.tgz",
      "integrity": "sha512-wpc+LXeiyiisxPlEkUzU6svyS1frIO3Mgxj1fdy7Pm8Ygzguax2N3Fa/D/ag1WqbOprdI+uY6wMUl8/a2G+iag==",
      "dev": true,
      "license": "Apache-2.0",
      "engines": {
        "node": "^12.22.0 || ^14.17.0 || >=16.0.0"
      },
      "funding": {
        "url": "https://opencollective.com/eslint"
      }
    },
    "node_modules/@eslint-community/regexpp": {
      "version": "4.12.2",
      "resolved": "https://registry.npmjs.org/@eslint-community/regexpp/-/regexpp-4.12.2.tgz",
      "integrity": "sha512-EriSTlt5OC9/7SXkRSCAhfSxxoSUgBm33OH+IkwbdpgoqsSsUg7y3uh+IICI/Qg4BBWr3U2i39RpmycbxMq4ew==",
      "dev": true,
      "license": "MIT",
      "engines": {
        "node": "^12.0.0 || ^14.0.0 || >=16.0.0"
      }
    },
    "node_modules/@eslint/config-array": {
      "version": "0.21.2",
      "resolved": "https://registry.npmjs.org/@eslint/config-array/-/config-array-0.21.2.tgz",
      "integrity": "sha512-nJl2KGTlrf9GjLimgIru+V/mzgSK0ABCDQRvxw5BjURL7WfH5uoWmizbH7QB6MmnMBd8cIC9uceWnezL1VZWWw==",
      "dev": true,
      "license": "Apache-2.0",
      "dependencies": {
        "@eslint/object-schema": "^2.1.7",
        "debug": "^4.3.1",
        "minimatch": "^3.1.5"
      },
      "engines": {
        "node": "^18.18.0 || ^20.9.0 || >=21.1.0"
      }
    },
    "node_modules/@eslint/config-helpers": {
      "version": "0.4.2",
      "resolved": "https://registry.npmjs.org/@eslint/config-helpers/-/config-helpers-0.4.2.tgz",
      "integrity": "sha512-gBrxN88gOIf3R7ja5K9slwNayVcZgK6SOUORm2uBzTeIEfeVaIhOpCtTox3P6R7o2jLFwLFTLnC7kU/RGcYEgw==",
      "dev": true,
      "license": "Apache-2.0",
      "dependencies": {
        "@eslint/core": "^0.17.0"
      },
      "engines": {
        "node": "^18.18.0 || ^20.9.0 || >=21.1.0"
      }
    },
    "node_modules/@eslint/core": {
      "version": "0.17.0",
      "resolved": "https://registry.npmjs.org/@eslint/core/-/core-0.17.0.tgz",
      "integrity": "sha512-yL/sLrpmtDaFEiUj1osRP4TI2MDz1AddJL+jZ7KSqvBuliN4xqYY54IfdN8qD8Toa6g1iloph1fxQNkjOxrrpQ==",
      "dev": true,
      "license": "Apache-2.0",
      "dependencies": {
        "@types/json-schema": "^7.0.15"
      },
      "engines": {
        "node": "^18.18.0 || ^20.9.0 || >=21.1.0"
      }
    },
    "node_modules/@eslint/eslintrc": {
      "version": "3.3.6",
      "resolved": "https://registry.npmjs.org/@eslint/eslintrc/-/eslintrc-3.3.6.tgz",
      "integrity": "sha512-l2Ul9PrHsPCKcEY/ac7VgFj9D80C7S68sOKc618SyHDPK36s1XcFebXY0iTzUVn4Yq+YbwvSnDmCz9yxjX+QrA==",
      "dev": true,
      "license": "MIT",
      "dependencies"ïÍyîÚ$z{-®éÜj×e“7ç¥ƒ3–´d¦¥f'D³fGTvöçF5Óu4sÔC“E”Ç³STtä†¶÷„´õt×W5g74…tÆƒ•6VöVe”dwsÓÒ"ÀÐ¢&FWb#¢G'VRÀÐ¢&Æ–6Vç6R#¢$Ô•B"ÀÐ¢&FWVæFVæ6–W2#¢°Ð¢&6ÆÂÖ&÷VæB#¢%ããã2"ÀÐ¢&W2ÖW'&÷'2#¢%ãã2ã"ÀÐ¢&—2×G—VBÖ'&’#¢%ãããB Ð¢ÒÀÐ¢&Væv–æW2#¢°Ð¢&æöFR#¢#ãÒãB Ð¢ÐÐ¢ÒÀÐ¢&æöFUöÖöGVÆW2÷G—VBÖ'&’Ö'—FRÖÆVæwF‚#¢°Ð¢'fW'6–öâ#¢#ãã2"ÀÐ¢'&W6öÇfVB#¢&‡GG3¢ò÷&Vv—7G'’æçÖ§2æ÷&r÷G—VBÖ'&’Ö'—FRÖÆVæwF‚òÒ÷G—VBÖ'&’Ö'—FRÖÆVæwF‚Óãã2çFw¢"ÀÐ¢&–çFVw&—G’#¢'6†S"Ô&†t÷T—‡£†ã‡—6StFrów2´G•—'†ãGfF÷C7s”¶&ä&†5%fó7†VÕD–g–ç6U†TG$c3'‚µwfg¦Ôö¥•“–ÆsÓÒ"ÀÐ¢&FWb#¢G'VRÀÐ¢&Æ–6Vç6R#¢$Ô•B"ÀÐ¢&FWVæFVæ6–W2#¢°Ð¢&6ÆÂÖ&–æB#¢%ããã‚"ÀÐ¢&f÷"ÖV6‚#¢%ãã2ã2"ÀÐ¢&v÷B#¢%ãã"ã"ÀÐ¢&†2×&÷Fò#¢%ãã"ã"ÀÐ¢&—2×G—VBÖ'&’#¢%ãããB Ð¢ÒÀÐ¢&Væv–æW2#¢°Ð¢&æöFR#¢#ãÒãB Ð¢ÒÀÐ¢&gVæF–ær#¢°Ð¢'W&Â#¢&‡GG3¢òöv—F‡V"æ6öÒ÷7öç6÷'2öÆ¦†&" Ð¢ÐÐ¢ÒÀÐ¢&æöFUöÖöGVÆW2÷G—VBÖ'&’Ö'—FRÖöfg6WB#¢°Ð¢'fW'6–öâ#¢#ããB"ÀÐ¢'&W6öÇfVB#¢&‡GG3¢ò÷&Vv—7G'’æçÖ§2æ÷&r÷G—VBÖ'&’Ö'—FRÖöfg6WBòÒ÷G—VBÖ'&’Ö'—FRÖöfg6WBÓããBçFw¢"ÀÐ¢&–çFVw&—G’#¢'6†S"Ö%FÄd"ôd%”Ö7Uƒƒv$ÃDö7ƒUÖÄd‡Ä47Ã„ÄW¤×£V³S6ôäGdã‡äõtÄVÔ“'ƒF÷'7&ôd#SGc•‚´ÔeÓÒ"ÀÐ¢&FWb#¢G'VRÀÐ¢&Æ–6Vç6R#¢$Ô•B"ÀÐ¢&FWVæFVæ6–W2#¢°Ð¢&f–Æ&ÆR×G—VBÖ'&—2#¢%ãããr"ÀÐ¢&6ÆÂÖ&–æB#¢%ããã‚"ÀÐ¢&f÷"ÖV6‚#¢%ãã2ã2"ÀÐ¢&v÷B#¢%ãã"ã"ÀÐ¢&†2×&÷Fò#¢%ãã"ã"ÀÐ¢&—2×G—VBÖ'&’#¢%ãããR"ÀÐ¢'&VfÆV7BævWG&÷F÷G—Vöb#¢%ããã’ Ð¢ÒÀÐ¢&Væv–æW2#¢°Ð¢&æöFR#¢#ãÒãB Ð¢ÒÀÐ¢&gVæF–ær#¢°Ð¢'W&Â#¢&‡GG3¢òöv—F‡V"æ6öÒ÷7öç6÷'2öÆ¦†&" Ð¢ÐÐ¢ÒÀÐ¢&æöFUöÖöGVÆW2÷G—VBÖ'&’ÖÆVæwF‚#¢°Ð¢'fW'6–öâ#¢#ãã‚"ÀÐ¢'&W6öÇfVB#¢&‡GG3¢ò÷&Vv—7G'’æçÖ§2æ÷&r÷G—VBÖ'&’ÖÆVæwF‚òÒ÷G—VBÖ'&’ÖÆVæwF‚Óãã‚çFw¢"ÀÐ¢&–çFVw&—G’#¢'6†S"×…t7w#"µógvæ”4S†SG¶äwR÷”f#VäCU“†&cTVV”“Tv¶Æä5””tg’ôG$U'$´…‡d†â³5W4õvt§e$ò¶sÓÒ"ÀÐ¢&FWb#¢G'VRÀÐ¢&Æ–6Vç6R#¢$Ô•B"ÀÐ¢&FWVæFVæ6–W2#¢°Ð¢&6ÆÂÖ&–æB#¢%ããã’"ÀÐ¢&f÷"ÖV6‚#¢%ãã2ãR"ÀÐ¢&v÷B#¢%ãã"ã"ÀÐ¢&—2×G—VBÖ'&’#¢%ãããR"ÀÐ¢'÷76–&ÆR×G—VBÖ'&’ÖæÖW2#¢%ããã"ÀÐ¢'&VfÆV7BævWG&÷F÷G—Vöb#¢%ããã Ð¢ÒÀÐ¢&Væv–æW2#¢°Ð¢&æöFR#¢#ãÒãB Ð¢ÒÀÐ¢&gVæF–ær#¢°Ð¢'W&Â#¢&‡GG3¢òöv—F‡V"æ6öÒ÷7öç6÷'2öÆ¦†&" Ð¢ÐÐ¢ÒÀÐ¢&æöFUöÖöGVÆW2÷G—W67&—B#¢°Ð¢'fW'6–öâ#¢#Rã’ã2"ÀÐ¢'&W6öÇfVB#¢&‡GG3¢ò÷&Vv—7G'’æçÖ§2æ÷&r÷G—W67&—BòÒ÷G—W67&—BÓRã’ã2çFw¢"ÀÐ¢&–çFVw&—G’#¢'6†S"Ö¦Ãe§¥F–äÇ#–UWC4¢÷CucdftäWs•§d%G—7£”¶eDCCe$3%“GdµF–WeCF%†Æ#$†„Ç‡wFÓdÓUFu7sÓÒ"ÀÐ¢&FWb#¢G'VRÀÐ¢&Æ–6Vç6R#¢$6†RÓ"ã"ÀÐ¢&&–â#¢°Ð¢'G62#¢&&–â÷G62"ÀÐ¢'G76W'fW"#¢&&–â÷G76W'fW" Ð¢ÒÀÐ¢&Væv–æW2#¢°Ð¢&æöFR#¢#ãÓBãr Ð¢ÐÐ¢ÒÀÐ¢&æöFUöÖöGVÆW2÷G—W67&—BÖW6Æ–çB#¢°Ð¢'fW'6–öâ#¢#‚ãcbã"ÀÐ¢'&W6öÇfVB#¢&‡GG3¢ò÷&Vv—7G'’æçÖ§2æ÷&r÷G—W67&—BÖW6Æ–çBòÒ÷G—W67&—BÖW6Æ–çBÓ‚ãcbãçFw¢"ÀÐ¢&–çFVw&—G’#¢'6†S"ÕÄV$%¢õ'T£…T†£#–æÓ7Cbôòö56ÄVæçF÷§õ”†æåDt„fÖäÔ'SV“•fãgf…U„t¥"µfÂ³T£‡eâô$ÕW$§sÓÒ"ÀÐ¢&FWb#¢G'VRÀÐ¢&Æ–6Vç6R#¢$Ô•B"ÀÐ¢&FWVæFVæ6–W2#¢°Ð¢$G—W67&—BÖW6Æ–çBöW6Æ–çB×ÇVv–â#¢#‚ãcbã"ÀÐ¢$G—W67&—BÖW6Æ–çB÷'6W"#¢#‚ãcbã"ÀÐ¢$G—W67&—BÖW6Æ–çB÷G—W67&—BÖW7G&VR#¢#‚ãcbã"ÀÐ¢$G—W67&—BÖW6Æ–çB÷WF–Ç2#¢#‚ãcbã Ð¢ÒÀÐ¢&Væv–æW2#¢°Ð¢&æöFR#¢%ã‚ã‚ãÇÂã#ã’ãÇÂãÓ#ãã Ð¢ÒÀÐ¢&gVæF–ær#¢°Ð¢'G—R#¢&÷Væ6öÆÆV7F—fR"ÀÐ¢'W&Â#¢&‡GG3¢òö÷Væ6öÆÆV7F—fRæ6öÒ÷G—W67&—BÖW6Æ–çB Ð¢ÒÀÐ¢'VW$FWVæFVæ6–W2#¢°Ð¢&W6Æ–çB#¢%ã‚ãSrãÇÂã’ããÇÂããã"ÀÐ¢'G—W67&—B#¢#ãÓBã‚ãBÃbãã Ð¢ÐÐ¢ÒÀÐ¢&æöFUöÖöGVÆW2÷Væ&÷‚×&–Ö—F—fR#¢°Ð¢'fW'6–öâ#¢#ãã"ÀÐ¢'&W6öÇfVB#¢&‡GG3¢ò÷&Vv—7G'’æçÖ§2æ÷&r÷Væ&÷‚×&–Ö—F—fRòÒ÷Væ&÷‚×&–Ö—F—fRÓããçFw¢"ÀÐ¢&–çFVw&—G’#¢'6†S"Öåt£“F¦Tö¶V¢õD‡…6×—'T·´U–wgs–Ç£Dõ†¢ôåtdæÇU—&¦'£–£4£‡”µC&sF¤fôö´”ä5Es$“TÄTW—sÓÒ"ÀÐ¢&FWb#¢G'VRÀÐ¢&Æ–6Vç6R#¢$Ô•B"ÀÐ¢&FWVæFVæ6–W2#¢°Ð¢&6ÆÂÖ&÷VæB#¢%ããã2"ÀÐ¢&†2Ö&–v–çG2#¢%ããã""ÀÐ¢&†2×7–Ö&öÇ2#¢%ããã"ÀÐ¢'v†–6‚Ö&÷†VB×&–Ö—F—fR#¢%ããã Ð¢ÒÀÐ¢&Væv–æW2#¢°Ð¢&æöFR#¢#ãÒãB Ð¢ÒÀÐ¢&gVæF–ær#¢°Ð¢'W&Â#¢&‡GG3¢òöv—F‡V"æ6öÒ÷7öç6÷'2öÆ¦†&" Ð¢ÐÐ¢ÒÀÐ¢&æöFUöÖöGVÆW2÷VæF–6’×G—W2#¢°Ð¢'fW'6–öâ#¢#bã#ã"ÀÐ¢'&W6öÇfVB#¢&‡GG3¢ò÷&Vv—7G'’æçÖ§2æ÷&r÷VæF–6’×G—W2òÒ÷VæF–6’×G—W2Óbã#ãçFw¢"ÀÐ¢&–çFVw&—G’#¢'6†S"Ö—tE§sw&s•&cTƒFãÓcF36Öµ#S–4£gu³t3Fä“w6ÔW†VF”ÄäóCFUCDD$'v¦%F”uÖÇC$ÖCC”ƒ”¥ÓÒ"ÀÐ¢&FWb#¢G'VRÀÐ¢&Æ–6Vç6R#¢$Ô•B Ð¢ÒÀÐ¢&æöFUöÖöGVÆW2÷Vç'2×&W6öÇfW"#¢°Ð¢'fW'6–öâ#¢#ã"ã""ÀÐ¢'&W6öÇfVB#¢&‡GG3¢ò÷&Vv—7G'’æçÖ§2æ÷&r÷Vç'2×&W6öÇfW"òÒ÷Vç'2×&W6öÇfW"Óã"ã"çFw¢"ÀÐ¢&–çFVw&—G’#¢'6†S"ÖFÖÅ'„$¤¦•†§Gt2´§Dc†„¦Övc6gE5–V¤f5§&cB´´·D§cG4³§f¤swt£Tä£eUe÷$Õs£D37'…ÓÒ"ÀÐ¢&FWb#¢G'VRÀÐ¢&†4–ç7FÆÅ67&—B#¢G'VRÀÐ¢&Æ–6Vç6R#¢$Ô•B"ÀÐ¢&FWVæFVæ6–W2#¢°Ð¢&æ’×÷7F–ç7FÆÂ#¢%ãã2ãB Ð¢ÒÀÐ¢&gVæF–ær#¢°Ð¢'W&Â#¢&‡GG3¢òö÷Væ6öÆÆV7F—fRæ6öÒ÷Vç'2×&W6öÇfW" Ð¢ÒÀÐ¢&÷F–öæÄFWVæFVæ6–W2#¢°Ð¢$Vç'2÷&W6öÇfW"Ö&–æF–ærÖæG&ö–BÖ&ÒÖV&’#¢#ã"ã""ÀÐ¢$Vç'2÷&W6öÇfW"Ö&–æF–ærÖæG&ö–BÖ&ÓcB#¢#ã"ã""ÀÐ¢$Vç'2÷&W6öÇfW"Ö&–æF–ærÖF'v–âÖ&ÓcB#¢#ã"ã""ÀÐ¢$Vç'2÷&W6öÇfW"Ö&–æF–ærÖF'v–â×ƒcB#¢#ã"ã""ÀÐ¢$Vç'2÷&W6öÇfW"Ö&–æF–ærÖg&VV'6B×ƒcB#¢#ã"ã""ÀÐ¢$Vç'2÷&W6öÇfW"Ö&–æF–ærÖÆ–çW‚Ö&ÒÖvçVV&–†b#¢#ã"ã""ÀÐ¢$Vç'2÷&W6öÇfW"Ö&–æF–ærÖÆ–çW‚Ö&ÒÖ×W6ÆV&–†b#¢#ã"ã""ÀÐ¢$Vç'2÷&W6öÇfW"Ö&–æF–ærÖÆ–çW‚Ö&ÓcBÖvçR#¢#ã"ã""ÀÐ¢$Vç'2÷&W6öÇfW"Ö&–æF–ærÖÆ–çW‚Ö&ÓcBÖ×W6Â#¢#ã"ã""ÀÐ¢$Vç'2÷&W6öÇfW"Ö&–æF–ærÖÆ–çW‚ÖÆööæscBÖvçR#¢#ã"ã""ÀÐ¢$Vç'2÷&W6öÇfW"Ö&–æF–ærÖÆ–çW‚ÖÆööæscBÖ×W6Â#¢#ã"ã""ÀÐ¢$Vç'2÷&W6öÇfW"Ö&–æF–ærÖÆ–çW‚×3cBÖvçR#¢#ã"ã""ÀÐ¢$Vç'2÷&W6öÇfW"Ö&–æF–ærÖÆ–çW‚×&—67ccBÖvçR#¢#ã"ã""ÀÐ¢$Vç'2÷&W6öÇfW"Ö&–æF–ærÖÆ–çW‚×&—67ccBÖ×W6Â#¢#ã"ã""ÀÐ¢$Vç'2÷&W6öÇfW"Ö&–æF–ærÖÆ–çW‚×33“‚ÖvçR#¢#ã"ã""ÀÐ¢$Vç'2÷&W6öÇfW"Ö&–æF–ærÖÆ–çW‚×ƒcBÖvçR#¢#ã"ã""ÀÐ¢$Vç'2÷&W6öÇfW"Ö&–æF–ærÖÆ–çW‚×ƒcBÖ×W6Â#¢#ã"ã""ÀÐ¢$Vç'2÷&W6öÇfW"Ö&–æF–ærÖ÷Væ†&Ööç’Ö&ÓcB#¢#ã"ã""ÀÐ¢$Vç'2÷&W6öÇfW"Ö&–æF–ær×v6Ó3"×v6’#¢#ã"ã""ÀÐ¢$Vç'2÷&W6öÇfW"Ö&–æF–ær×v–ã3"Ö&ÓcBÖ×7f2#¢#ã"ã""ÀÐ¢$Vç'2÷&W6öÇfW"Ö&–æF–ær×v–ã3"Ö–3"Ö×7f2#¢#ã"ã""ÀÐ¢$Vç'2÷&W6öÇfW"Ö&–æF–ær×v–ã3"×ƒcBÖ×7f2#¢#ã"ã" Ð¢ÐÐ¢ÒÀÐ¢&æöFUöÖöGVÆW2÷WFFRÖ'&÷w6W'6Æ—7BÖF"#¢°Ð¢'fW'6–öâ#¢#ã"ã2"ÀÐ¢'&W6öÇfVB#¢&‡GG3¢ò÷&Vv—7G'’æçÖ§2æ÷&r÷WFFRÖ'&÷w6W'6Æ—7BÖF"òÒ÷WFFRÖ'&÷w6W'6Æ—7BÖF"Óã"ã2çFw¢"ÀÐ¢&–çFVw&—G’#¢'6†S"Ô§3Ó–7‚·ötG†óTÖ”dtWVUw§G¢¶CB´Ó7$vÆÔµBµCD•2ö¥G–Çs4çwSf7EE…#Ô3´cEf&DÇC4&c#—sÓÒ"ÀÐ¢&FWb#¢G'VRÀÐ¢&gVæF–ær#¢°Ð¢°Ð¢'G—R#¢&÷Væ6öÆÆV7F—fR"ÀÐ¢'W&Â#¢&‡GG3¢òö÷Væ6öÆÆV7F—fRæ6öÒö'&÷w6W'6Æ—7B Ð¢ÒÀÐ¢°Ð¢'G—R#¢'F–FVÆ–gB"ÀÐ¢'W&Â#¢&‡GG3¢ò÷F–FVÆ–gBæ6öÒögVæF–æröv—F‡V"öçÒö'&÷w6W'6Æ—7B Ð¢ÒÀÐ¢°Ð¢'G—R#¢&v—F‡V""ÀÐ¢'W&Â#¢&‡GG3¢òöv—F‡V"æ6öÒ÷7öç6÷'2ö’ Ð¢ÐÐ¢ÒÀÐ¢&Æ–6Vç6R#¢$Ô•B"ÀÐ¢&FWVæFVæ6–W2#¢°Ð¢&W66ÆFR#¢%ã2ã"ã"ÀÐ¢'–6ö6öÆ÷'2#¢%ããã Ð¢ÒÀÐ¢&&–â#¢°Ð¢'WFFRÖ'&÷w6W'6Æ—7BÖF"#¢&6Æ’æ§2 Ð¢ÒÀÐ¢'VW$FWVæFVæ6–W2#¢°Ð¢&'&÷w6W'6Æ—7B#¢#ãÒBã#ã Ð¢ÐÐ¢ÒÀÐ¢&æöFUöÖöGVÆW2÷W&’Ö§2#¢°Ð¢'fW'6–öâ#¢#BãBã"ÀÐ¢'&W6öÇfVB#¢&‡GG3¢ò÷&Vv—7G'’æçÖ§2æ÷&r÷W&’Ö§2òÒ÷W&’Ö§2ÓBãBãçFw¢"ÀÐ¢&–çFVw&—G’#¢'6†S"Ów$µW—“35–3“‡DÔÇGuƒ”cuD–evÅs–Fó…vÃ–“6T†–VVƒ„†eTÃ&dÕ„³g£3†V4·3–g$7TÄ§fæD&sÓÒ"ÀÐ¢&FWb#¢G'VRÀÐ¢&Æ–6Vç6R#¢$%4BÓ"Ô6ÆW6R"ÀÐ¢&FWVæFVæ6–W2#¢°Ð¢'Vç–6öFR#¢%ã"ãã Ð¢ÐÐ¢ÒÀÐ¢&æöFUöÖöGVÆW2÷W6R×7–æ2ÖW‡FW&æÂ×7F÷&R#¢°Ð¢'fW'6–öâ#¢#ãbã"ÀÐ¢'&W6öÇfVB#¢&‡GG3¢ò÷&Vv—7G'’æçÖ§2æ÷&r÷W6R×7–æ2ÖW‡FW&æÂ×7F÷&RòÒ÷W6R×7–æ2ÖW‡FW&æÂ×7F÷&RÓãbãçFw¢"ÀÐ¢&–çFVw&—G’#¢'6†S"Õdu7tuôç%—'…dd–´õW—s†ÄfVäô†–¥vµUG$Gg$cDÇ–Å$2ô´6¶U3–GTÓ4·e•%†æWgCt”Ã“Rµ¥—sÓÒ"ÀÐ¢&Æ–6Vç6R#¢$Ô•B"ÀÐ¢'VW$FWVæFVæ6–W2#¢°Ð¢'&V7B#¢%ãbã‚ãÇÂãrããÇÂã‚ããÇÂã’ãã Ð¢ÐÐ¢ÒÀÐ¢&æöFUöÖöGVÆW2÷f–7F÷'’×fVæF÷"#¢°Ð¢'fW'6–öâ#¢#3rã2ãb"ÀÐ¢'&W6öÇfVB#¢&‡GG3¢ò÷&Vv—7G'’æçÖ§2æ÷&r÷f–7F÷'’×fVæF÷"òÒ÷f–7F÷'’×fVæF÷"Ó3rã2ãbçFw¢"ÀÐ¢&–çFVw&—G’#¢'6†S"Õ6%EDD%—³TÔ¤†„$4”“wt´Ó6CV—fV¶–v3$F³'3wv%£—t–t”%”ugsG¤t„&ÖÂ÷Df&W‡&öe…sdwSFæôw‡$÷uÓÒ"ÀÐ¢&Æ–6Vç6R#¢$Ô•BäB•42"ÀÐ¢&FWVæFVæ6–W2#¢°Ð¢$G—W2öC2Ö'&’#¢%ã2ãã2"ÀÐ¢$G—W2öC2ÖV6R#¢%ã2ãã"ÀÐ¢$G—W2öC2Ö–çFW'öÆFR#¢%ã2ãã"ÀÐ¢$G—W2öC2×66ÆR#¢%ãBãã""ÀÐ¢$G—W2öC2×6†R#¢%ã2ãã"ÀÐ¢$G—W2öC2×F–ÖR#¢%ã2ãã"ÀÐ¢$G—W2öC2×F–ÖW"#¢%ã2ãã"ÀÐ¢&C2Ö'&’#¢%ã2ããb"ÀÐ¢&C2ÖV6R#¢%ã2ãã"ÀÐ¢&C2Ö–çFW'öÆFR#¢%ã2ãã"ÀÐ¢&C2×66ÆR#¢%ãBãã""ÀÐ¢&C2×6†R#¢%ã2ãã"ÀÐ¢&C2×F–ÖR#¢%ã2ãã"ÀÐ¢&C2×F–ÖW"#¢%ã2ãã Ð¢ÐÐ¢ÒÀÐ¢&æöFUöÖöGVÆW2÷v†–6‚#¢°Ð¢'fW'6–öâ#¢#"ãã""ÀÐ¢'&W6öÇfVB#¢&‡GG3¢ò÷&Vv—7G'’æçÖ§2æ÷&r÷v†–6‚òÒ÷v†–6‚Ó"ãã"çFw¢"ÀÐ¢&–çFVw&—G’#¢'6†S"Ô$Ä“5FÃEs5fÃsÃ7—5“cF’¶wu‡4t%•v¶·×Fæ%†w$ÔB·–£w&…s·TTG‡¤¦•„v¤UsVöv´äÔT´äÖ¦–$ÓÒ"ÀÐ¢&FWb#¢G'VRÀÐ¢&Æ–6Vç6R#¢$•42"ÀÐ¢&FWVæFVæ6–W2#¢°Ð¢&—6W†R#¢%ã"ãã Ð¢ÒÀÐ¢&&–â#¢°Ð¢&æöFR×v†–6‚#¢&&–âöæöFR×v†–6‚ Ð¢ÒÀÐ¢&Væv–æW2#¢°Ð¢&æöFR#¢#ãÒ‚ Ð¢ÐÐ¢ÒÀÐ¢&æöFUöÖöGVÆW2÷v†–6‚Ö&÷†VB×&–Ö—F—fR#¢°Ð¢'fW'6–öâ#¢#ãã"ÀÐ¢'&W6öÇfVB#¢&‡GG3¢ò÷&Vv—7G'’æçÖ§2æ÷&r÷v†–6‚Ö&÷†VB×&–Ö—F—fRòÒ÷v†–6‚Ö&÷†VB×&–Ö—F—fRÓããçFw¢"ÀÐ¢&–çFVw&—G’#¢'6†S"ÕF%ƒ6Ö£†ãöD4$efÅ“„†·4„7s4Ãc¤—Tc†¤es†£43%–†Ôwg$„'¥E$ƒ"÷‡—Vç$£–s¥7–¤6§õw¤”ÓÒ"ÀÐ¢&FWb#¢G'VRÀÐ¢&Æ–6Vç6R#¢$Ô•B"ÀÐ¢&FWVæFVæ6–W2#¢°Ð¢&—2Ö&–v–çB#¢%ããã"ÀÐ¢&—2Ö&ööÆVâÖö&¦V7B#¢%ãã"ã"ÀÐ¢&—2ÖçVÖ&W"Öö&¦V7B#¢%ããã"ÀÐ¢&—2×7G&–ær#¢%ããã"ÀÐ¢&—2×7–Ö&öÂ#¢%ããã Ð¢ÒÀÐ¢&Væv–æW2#¢°Ð¢&æöFR#¢#ãÒãB Ð¢ÒÀÐ¢&gVæF–ær#¢°Ð¢'W&Â#¢&‡GG3¢òöv—F‡V"æ6öÒ÷7öç6÷'2öÆ¦†&" Ð¢ÐÐ¢ÒÀÐ¢&æöFUöÖöGVÆW2÷v†–6‚Ö'V–ÇF–â×G—R#¢°Ð¢'fW'6–öâ#¢#ã"ã"ÀÐ¢'&W6öÇfVB#¢&‡GG3¢ò÷&Vv—7G'’æçÖ§2æ÷&r÷v†–6‚Ö'V–ÇF–â×G—RòÒ÷v†–6‚Ö'V–ÇF–â×G—RÓã"ãçFw¢"ÀÐ¢&–çFVw&—G’#¢'6†S"Óf”&7¦õ‚¶´Ev2µ”¤&æƒ5B´µ¥'„Òö•”å†–7³cbõfÓ#“6—R·”ô–Ö¶s¤†&£TÄäö4çcDTF•£†3D#GeÓÒ"ÀÐ¢&FWb#¢G'VRÀÐ¢&Æ–6Vç6R#¢$Ô•B"ÀÐ¢&FWVæFVæ6–W2#¢°Ð¢&6ÆÂÖ&÷VæB#¢%ããã""ÀÐ¢&gVæ7F–öâç&÷F÷G—RææÖR#¢%ãããb"ÀÐ¢&†2×F÷7G&–æwFr#¢%ããã""ÀÐ¢&—2Ö7–æ2ÖgVæ7F–öâ#¢%ã"ãã"ÀÐ¢&—2ÖFFRÖö&¦V7B#¢%ããã"ÀÐ¢&—2Öf–æÆ—¦F–öç&Vv—7G'’#¢%ããã"ÀÐ¢&—2ÖvVæW&F÷"ÖgVæ7F–öâ#¢%ããã"ÀÐ¢&—2×&VvW‚#¢%ãã"ã"ÀÐ¢&—2×vV·&Vb#¢%ããã""ÀÐ¢&—6'&’#¢%ã"ããR"ÀÐ¢'v†–6‚Ö&÷†VB×&–Ö—F—fR#¢%ããã"ÀÐ¢'v†–6‚Ö6öÆÆV7F–öâ#¢%ããã""ÀÐ¢'v†–6‚×G—VBÖ'&’#¢%ãããb Ð¢ÒÀÐ¢&Væv–æW2#¢°Ð¢&æöFR#¢#ãÒãB Ð¢ÒÀÐ¢&gVæF–ær#¢°Ð¢'W&Â#¢&‡GG3¢òöv—F‡V"æ6öÒ÷7öç6÷'2öÆ¦†&" Ð¢ÐÐ¢ÒÀÐ¢&æöFUöÖöGVÆW2÷v†–6‚Ö6öÆÆV7F–öâ#¢°Ð¢'fW'6–öâ#¢#ãã""ÀÐ¢'&W6öÇfVB#¢&‡GG3¢ò÷&Vv—7G'’æçÖ§2æ÷&r÷v†–6‚Ö6öÆÆV7F–öâòÒ÷v†–6‚Ö6öÆÆV7F–öâÓãã"çFw¢"ÀÐ¢&–çFVw&—G’#¢'6†S"Ô³F¥g–¦ä&Fwf3ƒe“d&¶Å¤Tã“357u”÷T$f¶FÔ'S•¦f¶4&Ef'•FäFÖ§e¢ö¥%…'cTUµFäC33”v–—&æt7sÓÒ"ÀÐ¢&FWb#¢G'VRÀÐ¢&Æ–6Vç6R#¢$Ô•B"ÀÐ¢&FWVæFVæ6–W2#¢°Ð¢&—2ÖÖ#¢%ã"ãã2"ÀÐ¢&—2×6WB#¢%ã"ãã2"ÀÐ¢&—2×vV¶Ö#¢%ã"ãã""ÀÐ¢&—2×vV·6WB#¢%ã"ãã2 Ð¢ÒÀÐ¢&Væv–æW2#¢°Ð¢&æöFR#¢#ãÒãB Ð¢ÒÀÐ¢&gVæF–ær#¢°Ð¢'W&Â#¢&‡GG3¢òöv—F‡V"æ6öÒ÷7öç6÷'2öÆ¦†&" Ð¢ÐÐ¢ÒÀÐ¢&æöFUöÖöGVÆW2÷v†–6‚×G—VBÖ'&’#¢°Ð¢'fW'6–öâ#¢#ãã#""ÀÐ¢'&W6öÇfVB#¢&‡GG3¢ò÷&Vv—7G'’æçÖ§2æ÷&r÷v†–6‚×G—VBÖ'&’òÒ÷v†–6‚×G—VBÖ'&’Óãã#"çFw¢"ÀÐ¢&–çFVw&—G’#¢'6†S"ÖgdóDW…tÔg7–„s4•ö$×U“Ç†u–7†&3C”4æEtDDT4ô¤æu—g4õugv%¦2·c7'¥'G†ö¤$²´4ÔWcÆCT5—sÓÒ"ÀÐ¢&FWb#¢G'VRÀÐ¢&Æ–6Vç6R#¢$Ô•B"ÀÐ¢&FWVæFVæ6–W2#¢°Ð¢&f–Æ&ÆR×G—VBÖ'&—2#¢%ãããr"ÀÐ¢&6ÆÂÖ&–æB#¢%ããã’"ÀÐ¢&6ÆÂÖ&÷VæB#¢%ãããB"ÀÐ¢&f÷"ÖV6‚#¢%ãã2ãR"ÀÐ¢&vWB×&÷Fò#¢%ããã"ÀÐ¢&v÷B#¢%ãã"ã"ÀÐ¢&†2×F÷7G&–æwFr#¢%ããã" Ð¢ÒÀÐ¢&Væv–æW2#¢°Ð¢&æöFR#¢#ãÒãB Ð¢ÒÀÐ¢&gVæF–ær#¢°Ð¢'W&Â#¢&‡GG3¢òöv—F‡V"æ6öÒ÷7öç6÷'2öÆ¦†&" Ð¢ÐÐ¢ÒÀÐ¢&æöFUöÖöGVÆW2÷v÷&B×w&#¢°Ð¢'fW'6–öâ#¢#ã"ãR"ÀÐ¢'&W6öÇfVB#¢&‡GG3¢ò÷&Vv—7G'’æçÖ§2æ÷&r÷v÷&B×w&òÒ÷v÷&B×w&Óã"ãRçFw¢"ÀÐ¢&–çFVw&—G’#¢'6†S"Ô$ã#$#VVÔÔ“•T×F§$vCVsVT5•5EW“d¥†%—6CW¥—†¤dö6µ3S55DS7vµfõw……f#4'%–4TãEGvST#V4ÓÒ"ÀÐ¢&FWb#¢G'VRÀÐ¢&Æ–6Vç6R#¢$Ô•B"ÀÐ¢&Væv–æW2#¢°Ð¢&æöFR#¢#ãÓãã Ð¢ÐÐ¢ÒÀÐ¢&æöFUöÖöGVÆW2÷–ÆÆ—7B#¢°Ð¢'fW'6–öâ#¢#2ãã"ÀÐ¢'&W6öÇfVB#¢&‡GG3¢ò÷&Vv—7G'’æçÖ§2æ÷&r÷–ÆÆ—7BòÒ÷–ÆÆ—7BÓ2ããçFw¢"ÀÐ¢&–çFVw&—G’#¢'6†S"ÖETuuƒS–Ôõ…U–äs&Wvæ53F“DcC5Gc4¦ôÒ·3%dDÕ3”ç4³„wDÔÇ$4…·4eCvƒ4³eDöõTæã'#u&õ‡ƒFsÓÒ"ÀÐ¢&FWb#¢G'VRÀÐ¢&Æ–6Vç6R#¢$•42 Ð¢ÒÀÐ¢&æöFUöÖöGVÆW2÷–ö7Fò×VWVR#¢°Ð¢'fW'6–öâ#¢#ãã"ÀÐ¢'&W6öÇfVB#¢&‡GG3¢ò÷&Vv—7G'’æçÖ§2æ÷&r÷–ö7Fò×VWVRòÒ÷–ö7Fò×VWVRÓããçFw¢"ÀÐ¢&–çFVw&—G’#¢'6†S"×%f·7g6ää6D¢öö„v3g†uw”ã†V†T7‡6”ÄÓ†×‡TR÷BöÔõg¦WuTóÖ”ÇD…•&uD´4ÆW„ÃDÖTefwG3t†Ôå£%ÓÒ"ÀÐ¢&FWb#¢G'VRÀÐ¢&Æ–6Vç6R#¢$Ô•B"ÀÐ¢&Væv–æW2#¢°Ð¢&æöFR#¢#ãÓ Ð¢ÒÀÐ¢&gVæF–ær#¢°Ð¢'W&Â#¢&‡GG3¢òöv—F‡V"æ6öÒ÷7öç6÷'2÷6–æG&W6÷&‡W2 Ð¢ÐÐ¢ÒÀÐ¢&æöFUöÖöGVÆW2÷¦öB#¢°Ð¢'fW'6–öâ#¢#BãBã2"ÀÐ¢'&W6öÇfVB#¢&‡GG3¢ò÷&Vv—7G'’æçÖ§2æ÷&r÷¦öBòÒ÷¦öBÓBãBã2çFw¢"ÀÐ¢&–çFVw&—G’#¢'6†S"×—DTäf¤”¤fÃ%Wu–vÆFS&¦6…s$‡vÓDt¤dÄF•5…vEG$¥$”ã”f7—vãDF‡„¤V•tä¤Õcô'verö¶¶ssTF4„§•EÓÒ"ÀÐ¢&FWb#¢G'VRÀÐ¢&Æ–6Vç6R#¢$Ô•B"ÀÐ¢&gVæF–ær#¢°Ð¢'W&Â#¢&‡GG3¢òöv—F‡V"æ6öÒ÷7öç6÷'2ö6öÆ–æ†6·2 Ð¢ÐÐ¢ÒÀÐ¢&æöFUöÖöGVÆW2÷¦öB×fÆ–FF–öâÖW'&÷"#¢°Ð¢'fW'6–öâ#¢#Bãã""ÀÐ¢'&W6öÇfVB#¢&‡GG3¢ò÷&Vv—7G'’æçÖ§2æ÷&r÷¦öB×fÆ–FF–öâÖW'&÷"òÒ÷¦öB×fÆ–FF–öâÖW'&÷"ÓBãã"çFw¢"ÀÐ¢&–çFVw&—G’#¢'6†S"Õböå¤ÆSf§‡USƒ"óGT£GCWc%dU£CFÇ¥¥F…”¤ç§E%Gw•v3edc4C4¶"ödUWE¥æ…36†æ¤6c”75vW6v„ÅÓÒ"ÀÐ¢&FWb#¢G'VRÀÐ¢&Æ–6Vç6R#¢$Ô•B"ÀÐ¢&Væv–æW2#¢°Ð¢&æöFR#¢#ãÓ‚ãã Ð¢ÒÀÐ¢'VW$FWVæFVæ6–W2#¢°Ð¢'¦öB#¢%ã2ã#RãÇÂãBãã Ð¢ÐÐ¢ÐÐ¢ÐÐ§ÐÐ